
Microsoft Visual Studio Solution File, Format Version 12.00
# Visual Studio Version 17
VisualStudioVersion = 17.5.002.0
MinimumVisualStudioVersion = 10.0.40219.1
Project("{9A19103F-16F7-4668-BE54-9A1E7A4F7556}") = "apskal", "apskal.csproj", "{98CBD0CF-B828-4898-B95C-E739D69CED44}"
EndProject
Global
	GlobalSection(SolutionConfigurationPlatforms) = preSolution
		Debug|Any CPU = Debug|Any CPU
		Release|Any CPU = Release|Any CPU
	EndGlobalSection
	GlobalSection(ProjectConfigurationPlatforms) = postSolution
		{98CBD0CF-B828-4898-B95C-E739D69CED44}.Debug|Any CPU.ActiveCfg = Debug|Any CPU
		{98CBD0CF-B828-4898-B95C-E739D69CED44}.Debug|Any CPU.Build.0 = Debug|Any CPU
		{98CBD0CF-B828-4898-B95C-E739D69CED44}.Release|Any CPU.ActiveCfg = Release|Any CPU
		{98CBD0CF-B828-4898-B95C-E739D69CED44}.Release|Any CPU.Build.0 = Release|Any CPU
	EndGlobalSection
	GlobalSection(SolutionProperties) = preSolution
		HideSolutionNode = FALSE
	EndGlobalSection
	GlobalSection(ExtensibilityGlobals) = postSolution
		SolutionGuid = {14F4BB2F-888A-4918-A6AA-A9EAF7DDB088}
	EndGlobalSection
EndGlobal
